
Microsoft Visual Studio Solution File, Format Version 12.00
# Visual Studio 15
VisualStudioVersion = 15.0.28306.52
MinimumVisualStudioVersion = 10.0.40219.1
Project("{FAE04EC0-301F-11D3-BF4B-00C04F79EFBC}") = "Prueba.Android", "Prueba\Prueba.Android\Prueba.Android.csproj", "{EEFE2BC5-DA4B-4132-913B-13AFB4AE37DF}"
EndProject
Project("{FAE04EC0-301F-11D3-BF4B-00C04F79EFBC}") = "Prueba.iOS", "Prueba\Prueba.iOS\Prueba.iOS.csproj", "{72470753-A9A2-499A-A6D8-1DEBE2FAD6A8}"
EndProject
Project("{FAE04EC0-301F-11D3-BF4B-00C04F79EFBC}") = "Prueba", "Prueba\Prueba\Prueba.csproj", "{9AE5A123-410F-46C6-8F4B-5AEFE0B49796}"
EndProject
Global
	GlobalSection(SolutionConfigurationPlatforms) = preSolution
		Ad-Hoc|Any CPU = Ad-Hoc|Any CPU
		Ad-Hoc|iPhone = Ad-Hoc|iPhone
		Ad-Hoc|iPhoneSimulator = Ad-Hoc|iPhoneSimulator
		AppStore|Any CPU = AppStore|Any CPU
		AppStore|iPhone = AppStore|iPhone
		AppStore|iPhoneSimulator = AppStore|iPhoneSimulator
		Debug|Any CPU = Debug|Any CPU
		Debug|iPhone = Debug|iPhone
		Debug|iPhoneSimulator = Debug|iPhoneSimulator
		Release|Any CPU = Release|Any CPU
		Release|iPhone = Release|iPhone
		Release|iPhoneSimulator = Release|iPhoneSimulator
	EndGlobalSection
	GlobalSection(ProjectConfigurationPlatforms) = postSolution
		{EEFE2BC5-DA4B-4132-913B-13AFB4AE37DF}.Ad-Hoc|Any CPU.ActiveCfg = Release|Any CPU
		{EEFE2BC5-DA4B-4132-913B-13AFB4AE37DF}.Ad-Hoc|Any CPU.Build.0 = Release|Any CPU
		{EEFE2BC5-DA4B-4132-913B-13AFB4AE37DF}.Ad-Hoc|Any CPU.Deploy.0 = Release|Any CPU
		{EEFE2BC5-DA4B-4132-913B-13AFB4AE37DF}.Ad-Hoc|iPhone.ActiveCfg = Release|Any CPU
		{EEFE2BC5-DA4B-4132-913B-13AFB4AE37DF}.Ad-Hoc|iPhone.Build.0 = Release|Any CPU
		{EEFE2BC5-DA4B-4132-913B-13AFB4AE37DF}.Ad-Hoc|iPhone.Deploy.0 = Release|Any CPU
		{EEFE2BC5-DA4B-4132-913B-13AFB4AE37DF}.Ad-Hoc|iPhoneSimulator.ActiveCfg = Release|Any CPU
		{EEFE2BC5-DA4B-4132-913B-13AFB4AE37DF}.Ad-Hoc|iPhoneSimulator.Build.0 = Release|Any CPU
		{EEFE2BC5-DA4B-4132-913B-13AFB4AE37DF}.Ad-Hoc|iPhoneSimulator.Deploy.0 = Release|Any CPU
		{EEFE2BC5-DA4B-4132-913B-13AFB4AE37DF}.AppStore|Any CPU.ActiveCfg = Release|Any CPU
		{EEFE2BC5-DA4B-4132-913B-13AFB4AE37DF}.AppStore|Any CPU.Build.0 = Release|Any CPU
		{EEFE2BC5-DA4B-4132-913B-13AFB4AE37DF}.AppStore|Any CPU.Deploy.0 = Release|Any CPU
		{EEFE2BC5-DA4B-4132-913B-13AFB4AE37DF}.AppStore|iPhone.ActiveCfg = Release|Any CPU
		{EEFE2BC5-DA4B-4132-913B-13AFB4AE37DF}.AppStore|iPhone.Build.0 = Release|Any CPU
		{EEFE2BC5-DA4B-4132-913B-13AFB4AE37DF}.AppStore|iPhone.Deploy.0 = Release|Any CPU
		{EEFE2BC5-DA4B-4132-913B-13AFB4AE37DF}.AppStore|iPhoneSimulator.ActiveCfg = Release|Any CPU
		{EEFE2BC5-DA4B-4132-913B-13AFB4AE37DF}.AppStore|iPhoneSimulator.Build.0 = Release|Any CPU
		{EEFE2BC5-DA4B-4132-913B-13AFB4AE37DF}.AppStore|iPhoneSimulator.Deploy.0 = Release|Any CPU
		{EEFE2BC5-DA4B-4132-913B-13AFB4AE37DF}.Debug|Any CPU.ActiveCfg = Debug|Any CPU
		{EEFE2BC5-DA4B-4132-913B-13AFB4AE37DF}.Debug|Any CPU.Build.0 = Debug|Any CPU
		{EEFE2BC5-DA4B-4132-913B-13AFB4AE37DF}.Debug|Any CPU.Deploy.0 = Debug|Any CPU
		{EEFE2BC5-DA4B-4132-913B-13AFB4AE37DF}.Debug|iPhone.ActiveCfg = Debug|Any CPU
		{EEFE2BC5-DA4B-4132-913B-13AFB4AE37DF}.Debug|iPhone.Build.0 = Debug|Any CPU
		{EEFE2BC5-DA4B-4132-913B-13AFB4AE37DF}.Debug|iPhone.Deploy.0 = Debug|Any CPU
		{EEFE2BC5-DA4B-4132-913B-13AFB4AE37DF}.Debug|iPhoneSimulator.ActiveCfg = Debug|Any CPU
		{EEFE2BC5-DA4B-4132-913B-13AFB4AE37DF}.Debug|iPhoneSimulator.Build.0 = Debug|Any CPU
		{EEFE2BC5-DA4B-4132-913B-13AFB4AE37DF}.Debug|iPhoneSimulator.Deploy.0 = Debug|Any CPU
		{EEFE2BC5-DA4B-4132-913B-13AFB4AE37DF}.Release|Any CPU.ActiveCfg = Release|Any CPU
		{EEFE2BC5-DA4B-4132-913B-13AFB4AE37DF}.Release|Any CPU.Build.0 = Release|Any CPU
		{EEFE2BC5-DA4B-4132-913B-13AFB4AE37DF}.Release|Any CPU.Deploy.0 = Release|Any CPU
		{EEFE2BC5-DA4B-4132-913B-13AFB4AE37DF}.Release|iPhone.ActiveCfg = Release|Any CPU
		{EEFE2BC5-DA4B-4132-913B-13AFB4AE37DF}.Release|iPhone.Build.0 = Release|Any CPU
		{EEFE2BC5-DA4B-4132-913B-13AFB4AE37DF}.Release|iPhone.Deploy.0 = Release|Any CPU
		{EEFE2BC5-DA4B-4132-913B-13AFB4AE37DF}.Release|iPhoneSimulator.ActiveCfg = Release|Any CPU
		{EEFE2BC5-DA4B-4132-913B-13AFB4AE37DF}.Release|iPhoneSimulator.Build.0 = Release|Any CPU
		{EEFE2BC5-DA4B-4132-913B-13AFB4AE37DF}.Release|iPhoneSimulator.Deploy.0 = Release|Any CPU
		{72470753-A9A2-499A-A6D8-1DEBE2FAD6A8}.Ad-Hoc|Any CPU.ActiveCfg = Ad-Hoc|iPhone
		{72470753-A9A2-499A-A6D8-1DEBE2FAD6A8}.Ad-Hoc|Any CPU.Build.0 = Ad-Hoc|iPhone
		{72470753-A9A2-499A-A6D8-1DEBE2FAD6A8}.Ad-Hoc|Any CPU.Deploy.0 = Ad-Hoc|iPhone
		{72470753-A9A2-499A-A6D8-1DEBE2FAD6A8}.Ad-Hoc|iPhone.ActiveCfg = Ad-Hoc|iPhone
		{72470753-A9A2-499A-A6D8-1DEBE2FAD6A8}.Ad-Hoc|iPhone.Build.0 = Ad-Hoc|iPhone
		{72470753-A9A2-499A-A6D8-1DEBE2FAD6A8}.Ad-Hoc|iPhone.Deploy.0 = Ad-Hoc|iPhone
		{72470753-A9A2-499A-A6D8-1DEBE2FAD6A8}.Ad-Hoc|iPhoneSimulator.ActiveCfg = Ad-Hoc|iPhoneSimulator
		{72470753-A9A2-499A-A6D8-1DEBE2FAD6A8}.Ad-Hoc|iPhoneSimulator.Build.0 = Ad-Hoc|iPhoneSimulator
		{72470753-A9A2-499A-A6D8-1DEBE2FAD6A8}.Ad-Hoc|iPhoneSimulator.Deploy.0 = Ad-Hoc|iPhoneSimulator
		{72470753-A9A2-499A-A6D8-1DEBE2FAD6A8}.AppStore|Any CPU.ActiveCfg = AppStore|iPhone
		{72470753-A9A2-499A-A6D8-1DEBE2FAD6A8}.AppStore|Any CPU.Build.0 = AppStore|iPhone
		{72470753-A9A2-499A-A6D8-1DEBE2FAD6A8}.AppStore|Any CPU.Deploy.0 = AppStore|iPhone
		{72470753-A9A2-499A-A6D8-1DEBE2FAD6A8}.AppStore|iPhone.ActiveCfg = AppStore|iPhone
		{72470753-A9A2-499A-A6D8-1DEBE2FAD6A8}.AppStore|iPhone.Build.0 = AppStore|iPhone
		{72470753-A9A2-499A-A6D8-1DEBE2FAD6A8}.AppStore|iPhone.Deploy.0 = AppStore|iPhone
		{72470753-A9A2-499A-A6D8-1DEBE2FAD6A8}.AppStore|iPhoneSimulator.ActiveCfg = AppStore|iPhoneSimulator
		{72470753-A9A2-499A-A6D8-1DEBE2FAD6A8}.AppStore|iPhoneSimulator.Build.0 = AppStore|iPhoneSimulator
		{72470753-A9A2-499A-A6D8-1DEBE2FAD6A8}.AppStore|iPhoneSimulator.Deploy.0 = AppStore|iPhoneSimulator
		{72470753-A9A2-499A-A6D8-1DEBE2FAD6A8}.Debug|Any CPU.ActiveCfg = Debug|iPhoneSimulator
		{72470753-A9A2-499A-A6D8-1DEBE2FAD6A8}.Debug|Any CPU.Build.0 = Debug|iPhoneSimulator
		{72470753-A9A2-499A-A6D8-1DEBE2FAD6A8}.Debug|Any CPU.Deploy.0 = Debug|iPhoneSimulator
		{72470753-A9A2-499A-A6D8-1DEBE2FAD6A8}.Debug|iPhone.ActiveCfg = Debug|iPhone
		{72470753-A9A2-499A-A6D8-1DEBE2FAD6A8}.Debug|iPhone.Build.0 = Debug|iPhone
		{72470753-A9A2-499A-A6D8-1DEBE2FAD6A8}.Debug|iPhone.Deploy.0 = Debug|iPhone
		{72470753-A9A2-499A-A6D8-1DEBE2FAD6A8}.Debug|iPhoneSimulator.ActiveCfg = Debug|iPhoneSimulator
		{72470753-A9A2-499A-A6D8-1DEBE2FAD6A8}.Debug|iPhoneSimulator.Build.0 = Debug|iPhoneSimulator
		{72470753-A9A2-499A-A6D8-1DEBE2FAD6A8}.Debug|iPhoneSimulator.Deploy.0 = Debug|iPhoneSimulator
		{72470753-A9A2-499A-A6D8-1DEBE2FAD6A8}.Release|Any CPU.ActiveCfg = Release|iPhone
		{72470753-A9A2-499A-A6D8-1DEBE2FAD6A8}.Release|Any CPU.Build.0 = Release|iPhone
		{72470753-A9A2-499A-A6D8-1DEBE2FAD6A8}.Release|Any CPU.Deploy.0 = Release|iPhone
		{72470753-A9A2-499A-A6D8-1DEBE2FAD6A8}.Release|iPhone.ActiveCfg = Release|iPhone
		{72470753-A9A2-499A-A6D8-1DEBE2FAD6A8}.Release|iPhone.Build.0 = Release|iPhone
		{72470753-A9A2-499A-A6D8-1DEBE2FAD6A8}.Release|iPhone.Deploy.0 = Release|iPhone
		{72470753-A9A2-499A-A6D8-1DEBE2FAD6A8}.Release|iPhoneSimulator.ActiveCfg = Release|iPhoneSimulator
		{72470753-A9A2-499A-A6D8-1DEBE2FAD6A8}.Release|iPhoneSimulator.Build.0 = Release|iPhoneSimulator
		{72470753-A9A2-499A-A6D8-1DEBE2FAD6A8}.Release|iPhoneSimulator.Deploy.0 = Release|iPhoneSimulator
		{9AE5A123-410F-46C6-8F4B-5AEFE0B49796}.Ad-Hoc|Any CPU.ActiveCfg = Debug|Any CPU
		{9AE5A123-410F-46C6-8F4B-5AEFE0B49796}.Ad-Hoc|Any CPU.Build.0 = Debug|Any CPU
		{9AE5A123-410F-46C6-8F4B-5AEFE0B49796}.Ad-Hoc|Any CPU.Deploy.0 = Debug|Any CPU
		{9AE5A123-410F-46C6-8F4B-5AEFE0B49796}.Ad-Hoc|iPhone.ActiveCfg = Debug|Any CPU
		{9AE5A123-410F-46C6-8F4B-5AEFE0B49796}.Ad-Hoc|iPhone.Build.0 = Debug|Any CPU
		{9AE5A123-410F-46C6-8F4B-5AEFE0B49796}.Ad-Hoc|iPhone.Deploy.0 = Debug|Any CPU
		{9AE5A123-410F-46C6-8F4B-5AEFE0B49796}.Ad-Hoc|iPhoneSimulator.ActiveCfg = Debug|Any CPU
		{9AE5A123-410F-46C6-8F4B-5AEFE0B49796}.Ad-Hoc|iPhoneSimulator.Build.0 = Debug|Any CPU
		{9AE5A123-410F-46C6-8F4B-5AEFE0B49796}.Ad-Hoc|iPhoneSimulator.Deploy.0 = Debug|Any CPU
		{9AE5A123-410F-46C6-8F4B-5AEFE0B49796}.AppStore|Any CPU.ActiveCfg = Debug|Any CPU
		{9AE5A123-410F-46C6-8F4B-5AEFE0B49796}.AppStore|Any CPU.Build.0 = Debug|Any CPU
		{9AE5A123-410F-46C6-8F4B-5AEFE0B49796}.AppStore|Any CPU.Deploy.0 = Debug|Any CPU
		{9AE5A123-410F-46C6-8F4B-5AEFE0B49796}.AppStore|iPhone.ActiveCfg = Debug|Any CPU
		{9AE5A123-410F-46C6-8F4B-5AEFE0B49796}.AppStore|iPhone.Build.0 = Debug|Any CPU
		{9AE5A123-410F-46C6-8F4B-5AEFE0B49796}.AppStore|iPhone.Deploy.0 = Debug|Any CPU
		{9AE5A123-410F-46C6-8F4B-5AEFE0B49796}.AppStore|iPhoneSimulator.ActiveCfg = Debug|Any CPU
		{9AE5A123-410F-46C6-8F4B-5AEFE0B49796}.AppStore|iPhoneSimulator.Build.0 = Debug|Any CPU
		{9AE5A123-410F-46C6-8F4B-5AEFE0B49796}.AppStore|iPhoneSimulator.Deploy.0 = Debug|Any CPU
		{9AE5A123-410F-46C6-8F4B-5AEFE0B49796}.Debug|Any CPU.ActiveCfg = Debug|Any CPU
		{9AE5A123-410F-46C6-8F4B-5AEFE0B49796}.Debug|Any CPU.Build.0 = Debug|Any CPU
		{9AE5A123-410F-46C6-8F4B-5AEFE0B49796}.Debug|Any CPU.Deploy.0 = Debug|Any CPU
		{9AE5A123-410F-46C6-8F4B-5AEFE0B49796}.Debug|iPhone.ActiveCfg = Debug|Any CPU
		{9AE5A123-410F-46C6-8F4B-5AEFE0B49796}.Debug|iPhone.Build.0 = Debug|Any CPU
		{9AE5A123-410F-46C6-8F4B-5AEFE0B49796}.Debug|iPhone.Deploy.0 = Debug|Any CPU
		{9AE5A123-410F-46C6-8F4B-5AEFE0B49796}.Debug|iPhoneSimulator.ActiveCfg = Debug|Any CPU
		{9AE5A123-410F-46C6-8F4B-5AEFE0B49796}.Debug|iPhoneSimulator.Build.0 = Debug|Any CPU
		{9AE5A123-410F-46C6-8F4B-5AEFE0B49796}.Debug|iPhoneSimulator.Deploy.0 = Debug|Any CPU
		{9AE5A123-410F-46C6-8F4B-5AEFE0B49796}.Release|Any CPU.ActiveCfg = Release|Any CPU
		{9AE5A123-410F-46C6-8F4B-5AEFE0B49796}.Release|Any CPU.Build.0 = Release|Any CPU
		{9AE5A123-410F-46C6-8F4B-5AEFE0B49796}.Release|Any CPU.Deploy.0 = Release|Any CPU
		{9AE5A123-410F-46C6-8F4B-5AEFE0B49796}.Release|iPhone.ActiveCfg = Release|Any CPU
		{9AE5A123-410F-46C6-8F4B-5AEFE0B49796}.Release|iPhone.Build.0 = Release|Any CPU
		{9AE5A123-410F-46C6-8F4B-5AEFE0B49796}.Release|iPhone.Deploy.0 = Release|Any CPU
		{9AE5A123-410F-46C6-8F4B-5AEFE0B49796}.Release|iPhoneSimulator.ActiveCfg = Release|Any CPU
		{9AE5A123-410F-46C6-8F4B-5AEFE0B49796}.Release|iPhoneSimulator.Build.0 = Release|Any CPU
		{9AE5A123-410F-46C6-8F4B-5AEFE0B49796}.Release|iPhoneSimulator.Deploy.0 = Release|Any CPU
	EndGlobalSection
	GlobalSection(SolutionProperties) = preSolution
		HideSolutionNode = FALSE
	EndGlobalSection
	GlobalSection(ExtensibilityGlobals) = postSolution
		SolutionGuid = {790CD09B-DA59-457D-A573-5511B7F63AF8}
	EndGlobalSection
EndGlobal
